// !$*UTF8*$!
{
	archiveVersion = 1;
	classes = {
	};
	objectVersion = 55;
	objects = {

/* Begin PBXBuildFile section */
		1FF2B54E2850AE46001A9542 /* SwiftUIChallengeApp.swift in Sources */ = {isa = PBXBuildFile; fileRef = 1FF2B54D2850AE46001A9542 /* SwiftUIChallengeApp.swift */; };
		1FF2B5502850AE46001A9542 /* PickerContentView.swift in Sources */ = {isa = PBXBuildFile; fileRef = 1FF2B54F2850AE46001A9542 /* PickerContentView.swift */; };
		1FF2B5522850AE48001A9542 /* Assets.xcassets in Resources */ = {isa = PBXBuildFile; fileRef = 1FF2B5512850AE48001A9542 /* Assets.xcassets */; };
		1FF2B5552850AE48001A9542 /* Preview Assets.xcassets in Resources */ = {isa = PBXBuildFile; fileRef = 1FF2B5542850AE48001A9542 /* Preview Assets.xcassets */; };
		1FF2B55F2850AE48001A9542 /* SwiftUIChallengeTests.swift in Sources */ = {isa = PBXBuildFile; fileRef = 1FF2B55E2850AE48001A9542 /* SwiftUIChallengeTests.swift */; };
		1FF2B5692850AE48001A9542 /* SwiftUIChallengeUITests.swift in Sources */ = {isa = PBXBuildFile; fileRef = 1FF2B5682850AE48001A9542 /* SwiftUIChallengeUITests.swift */; };
		1FF2B56B2850AE48001A9542 /* SwiftUIChallengeUITestsLaunchTests.swift in Sources */ = {isa = PBXBuildFile; fileRef = 1FF2B56A2850AE48001A9542 /* SwiftUIChallengeUITestsLaunchTests.swift */; };
		1FF2B5782850AE54001A9542 /* Extensions.swift in Sources */ = {isa = PBXBuildFile; fileRef = 1FF2B5772850AE54001A9542 /* Extensions.swift */; };
		1FF2B57A2850AE94001A9542 /* PickerViewModel.swift in Sources */ = {isa = PBXBuildFile; fileRef = 1FF2B5792850AE94001A9542 /* PickerViewModel.swift */; };
/* End PBXBuildFile section */

/* Begin PBXContainerItemProxy section */
		1FF2B55B2850AE48001A9542 /* PBXContainerItemProxy */ = {
			isa = PBXContainerItemProxy;
			containerPortal = 1FF2B5422850AE45001A9542 /* Project object */;
			proxyType = 1;
			remoteGlobalIDString = 1FF2B5492850AE45001A9542;
			remoteInfo = SwiftUIChallenge;
		};
		1FF2B5652850AE48001A9542 /* PBXContainerItemProxy */ = {
			isa = PBXContainerItemProxy;
			containerPortal = 1FF2B5422850AE45001A9542 /* Project object */;
			proxyType = 1;
			remoteGlobalIDString = 1FF2B5492850AE45001A9542;
			remoteInfo = SwiftUIChallenge;
		};
/* End PBXContainerItemProxy section */

/* Begin PBXFileReference section */
		1FF2B54A2850AE45001A9542 /* SwiftUIChallenge.app */ = {isa = PBXFileReference; explicitFileType = wrapper.application; includeInIndex = 0; path = SwiftUIChallenge.app; sourceTree = BUILT_PRODUCTS_DIR; };
		1FF2B54D2850AE46001A9542 /* SwiftUIChallengeApp.swift */ = {isa = PBXFileReference; lastKnownFileType = sourcecode.swift; path = SwiftUIChallengeApp.swift; sourceTree = "<group>"; };
		1FF2B54F2850AE46001A9542 /* PickerContentView.swift */ = {isa = PBXFileReference; lastKnownFileType = sourcecode.swift; path = PickerContentView.swift; sourceTree = "<group>"; };
		1FF2B5512850AE48001A9542 /* Assets.xcassets */ = {isa = PBXFileReference; lastKnownFileType = folder.assetcatalog; path = Assets.xcassets; sourceTree = "<group>"; };
		1FF2B5542850AE48001A9542 /* Preview Assets.xcassets */ = {isa = PBXFileReference; lastKnownFileType = folder.assetcatalog; path = "Preview Assets.xcassets"; sourceTree = "<group>"; };
		1FF2B55A2850AE48001A9542 /* SwiftUIChallengeTests.xctest */ = {isa = PBXFileReference; explicitFileType = wrapper.cfbundle; includeInIndex = 0; path = SwiftUIChallengeTests.xctest; sourceTree = BUILT_PRODUCTS_DIR; };
		1FF2B55E2850AE48001A9542 /* SwiftUIChallengeTests.swift */ = {isa = PBXFileReference; lastKnownFileType = sourcecode.swift; path = SwiftUIChallengeTests.swift; sourceTree = "<group>"; };
		1FF2B5642850AE48001A9542 /* SwiftUIChallengeUITests.xctest */ = {isa = PBXFileReference; explicitFileType = wrapper.cfbundle; includeInIndex = 0; path = SwiftUIChallengeUITests.xctest; sourceTree = BUILT_PRODUCTS_DIR; };
		1FF2B5682850AE48001A9542 /* SwiftUIChallengeUITests.swift */ = {isa = PBXFileReference; lastKnownFileType = sourcecode.swift; path = SwiftUIChallengeUITests.swift; sourceTree = "<group>"; };
		1FF2B56A2850AE48001A9542 /* SwiftUIChallengeUITestsLaunchTests.swift */ = {isa = PBXFileReference; lastKnownFileType = sourcecode.swift; path = SwiftUIChallengeUITestsLaunchTests.swift; sourceTree = "<group>"; };
		1FF2B5772850AE54001A9542 /* Extensions.swift */ = {isa = PBXFileReference; lastKnownFileType = sourcecode.swift; path = Extensions.swift; sourceTree = "<group>"; };
		1FF2B5792850AE94001A9542 /* PickerViewModel.swift */ = {isa = PBXFileReference; lastKnownFileType = sourcecode.swift; path = PickerViewModel.swift; sourceTree = "<group>"; };
/* End PBXFileReference section */

/* Begin PBXFrameworksBuildPhase section */
		1FF2B5472850AE45001A9542 /* Frameworks */ = {
			isa = PBXFrameworksBuildPhase;
			buildActionMask = 2147483647;
			files = (
			);
			runOnlyForDeploymentPostprocessing = 0;
		};
		1FF2B5572850AE48001A9542 /* Frameworks */ = {
			isa = PBXFrameworksBuildPhase;
			buildActionMask = 2147483647;
			files = (
			);
			runOnlyForDeploymentPostprocessing = 0;
		};
		1FF2B5612850AE48001A9542 /* Frameworks */ = {
			isa = PBXFrameworksBuildPhase;
			buildActionMask = 2147483647;
			files = (
			);
			runOnlyForDeploymentPostprocessing = 0;
		};
/* End PBXFrameworksBuildPhase section */

/* Begin PBXGroup section */
		1FF2B5412850AE45001A9542 = {
			isa = PBXGroup;
			children = (
				1FF2B54C2850AE45001A9542 /* SwiftUIChallenge */,
				1FF2B55D2850AE48001A9542 /* SwiftUIChallengeTests */,
				1FF2B5672850AE48001A9542 /* SwiftUIChallengeUITests */,
				1FF2B54B2850AE45001A9542 /* Products */,
			);
			sourceTree = "<group>";
		};
		1FF2B54B2850AE45001A9542 /* Products */ = {
			isa = PBXGroup;
			children = (
				1FF2B54A2850AE45001A9542 /* SwiftUIChallenge.app */,
				1FF2B55A2850AE48001A9542 /* SwiftUIChallengeTests.xctest */,
				1FF2B5642850AE48001A9542 /* SwiftUIChallengeUITests.xctest */,
			);
			name = Products;
			sourceTree = "<group>";
		};
		1FF2B54C2850AE45001A9542 /* SwiftUIChallenge */ = {
			isa = PBXGroup;
			children = (
				1FF2B54D2850AE46001A9542 /* SwiftUIChallengeApp.swift */,
				1FF2B57B2850AED6001A9542 /* PickerView */,
				1FF2B57C2850AEDE001A9542 /* Extensions */,
				1FF2B5512850AE48001A9542 /* Assets.xcassets */,
				1FF2B5532850AE48001A9542 /* Preview Content */,
			);
			path = SwiftUIChallenge;
			sourceTree = "<group>";
		};
		1FF2B5532850AE48001A9542 /* Preview Content */ = {
			isa = PBXGroup;
			children = (
				1FF2B5542850AE48001A9542 /* Preview Assets.xcassets */,
			);
			path = "Preview Content";
			sourceTree = "<group>";
		};
		1FF2B55D2850AE48001A9542 /* SwiftUIChallengeTests */ = {
			isa = PBXGroup;
			children = (
				1FF2B55E2850AE48001A9542 /* SwiftUIChallengeTests.swift */,
			);
			path = SwiftUIChallengeTests;
			sourceTree = "<group>";
		};
		1FF2B5672850AE48001A9542 /* SwiftUIChallengeUITests */ = {
			isa = PBXGroup;
			children = (
				1FF2B5682850AE48001A9542 /* SwiftUIChallengeUITests.swift */,
				1FF2B56A2850AE48001A9542 /* SwiftUIChallengeUITestsLaunchTests.swift */,
			);
			path = SwiftUIChallengeUITests;
			sourceTree = "<group>";
		};
		1FF2B57B2850AED6001A9542 /* PickerView */ = {
			isa = PBXGroup;
			children = (
				1FF2B54F2850AE46001A9542 /* PickerContentView.swift */,
				1FF2B5792850AE94001A9542 /* PickerViewModel.swift */,
			);
			path = PickerView;
			sourceTree = "<group>";
		};
		1FF2B57C2850AEDE001A9542 /* Extensions */ = {
			isa = PBXGroup;
			children = (
				1FF2B5772850AE54001A9542 /* Extensions.swift */,
			);
			path = Extensions;
			sourceTree = "<group>";
		};
/* End PBXGroup section */

/* Begin PBXNativeTarget section */
		1FF2B5492850AE45001A9542 /* SwiftUIChallenge */ = {
			isa = PBXNativeTarget;
			buildConfigurationList = 1FF2B56E2850AE48001A9542 /* Build configuration list for PBXNativeTarget "SwiftUIChallenge" */;
			buildPhases = (
				1FF2B5462850AE45001A9542 /* Sources */,
				1FF2B5472850AE45001A9542 /* Frameworks */,
				1FF2B5482850AE45001A9542 /* Resources */,
			);
			buildRules = (
			);
			dependencies = (
			);
			name = SwiftUIChallenge;
			productName = SwiftUIChallenge;
			productReference = 1FF2B54A2850AE45001A9542 /* SwiftUIChallenge.app */;
			productType = "com.apple.product-type.application";
		};
		1FF2B5592850AE48001A9542 /* SwiftUIChallengeTests */ = {
			isa = PBXNativeTarget;
			buildConfigurationList = 1FF2B5712850AE48001A9542 /* Build configuration list for PBXNativeTarget "SwiftUIChallengeTests" */;
			buildPhases = (
				1FF2B5562850AE48001A9542 /* Sources */,
				1FF2B5572850AE48001A9542 /* Frameworks */,
				1FF2B5582850AE48001A9542 /* Resources */,
			);
			buildRules = (
			);
			dependencies = (
				1FF2B55C2850AE48001A9542 /* PBXTargetDependency */,
			);
			name = SwiftUIChallengeTests;
			productName = SwiftUIChallengeTests;
			productReference = 1FF2B55A2850AE48001A9542 /* SwiftUIChallengeTests.xctest */;
			productType = "com.apple.product-type.bundle.unit-test";
		};
		1FF2B5632850AE48001A9542 /* SwiftUIChallengeUITests */ = {
			isa = PBXNativeTarget;
			buildConfigurationList = 1FF2B5742850AE48001A9542 /* Build configuration list for PBXNativeTarget "SwiftUIChallengeUITests" */;
			buildPhases = (
				1FF2B5602850AE48001A9542 /* Sources */,
				1FF2B5612850AE48001A9542 /* Frameworks */,
				1FF2B5622850AE48001A9542 /* Resources */,
			);
			buildRules = (
			);
			dependencies = (
				1FF2B5662850AE48001A9542 /* PBXTargetDependency */,
			);
			name = SwiftUIChallengeUITests;
			productName = SwiftUIChallengeUITests;
			productReference = 1FF2B5642850AE48001A9542 /* SwiftUIChallengeUITests.xctest */;
			productType = "com.apple.product-type.bundle.ui-testing";
		};
/* End PBXNativeTarget section */

/* Begin PBXProject section */
		1FF2B5422850AE45001A9542 /* Project object */ = {
			isa = PBXProject;
			attributes = {
				BuildIndependentTargetsInParallel = 1;
				LastSwiftUpdateCheck = 1320;
				LastUpgradeCheck = 1320;
				TargetAttributes = {
					1FF2B5492850AE45001A9542 = {
						CreatedOnToolsVersion = 13.2.1;
					};
					1FF2B5592850AE48001A9542 = {
						CreatedOnToolsVersion = 13.2.1;
						TestTargetID = 1FF2B5492850AE45001A9542;
					};
					1FF2B5632850AE48001A9542 = {
						CreatedOnToolsVersion = 13.2.1;
						TestTargetID = 1FF2B5492850AE45001A9542;
					};
				};
			};
			buildConfigurationList = 1FF2B5452850AE45001A9542 /* Build configuration list for PBXProject "SwiftUIChallenge" */;
			compatibilityVersion = "Xcode 13.0";
			developmentRegion = en;
			hasScannedForEncodings = 0;
			knownRegions = (
				en,
				Base,
			);
			mainGroup = 1FF2B5412850AE45001A9542;
			productRefGroup = 1FF2B54B2850AE45001A9542 /* Products */;
			projectDirPath = "";
			projectRoot = "";
			targets = (
				1FF2B5492850AE45001A9542 /* SwiftUIChallenge */,
				1FF2B5592850AE48001A9542 /* SwiftUIChallengeTests */,
				1FF2B5632850AE48001A9542 /* SwiftUIChallengeUITests */,
			);
		};
/* End PBXProject section */

/* Begin PBXResourcesBuildPhase section */
		1FF2B5482850AE45001A9542 /* Resources */ = {
			isa = PBXResourcesBuildPhase;
			buildActionMask = 2147483647;
			files = (
				1FF2B5552850AE48001A9542 /* Preview Assets.xcassets in Resources */,
				1FF2B5522850AE48001A9542 /* Assets.xcassets in Resources */,
			);
			runOnlyForDeploymentPostprocessing = 0;
		};
		1FF2B5582850AE48001A9542 /* Resources */ = {
			isa = PBXResourcesBuildPhase;
			buildActionMask = 2147483647;
			files = (
			);
			runOnlyForDeploymentPostprocessing = 0;
		};
		1FF2B5622850AE48001A9542 /* Resources */ = {
			isa = PBXResourcesBuildPhase;
			buildActionMask = 2147483647;
			files = (
			);
			runOnlyForDeploymentPostprocessing = 0;
		};
/* End PBXResourcesBuildPhase section */

/* Begin PBXSourcesBuildPhase section */
		1FF2B5462850AE45001A9542 /* Sources */ = {
			isa = PBXSourcesBuildPhase;
			buildActionMask = 2147483647;
			files = (
				1FF2B5502850AE46001A9542 /* PickerContentView.swift in Sources */,
				1FF2B5782850AE54001A9542 /* Extensions.swift in Sources */,
				1FF2B57A2850AE94001A9542 /* PickerViewModel.swift in Sources */,
				1FF2B54E2850AE46001A9542 /* SwiftUIChallengeApp.swift in Sources */,
			);
			runOnlyForDeploymentPostprocessing = 0;
		};
		1FF2B5562850AE48001A9542 /* Sources */ = {
			isa = PBXSourcesBuildPhase;
			buildActionMask = 2147483647;
			files = (
				1FF2B55F2850AE48001A9542 /* SwiftUIChallengeTests.swift in Sources */,
			);
			runOnlyForDeploymentPostprocessing = 0;
		};
		1FF2B5602850AE48001A9542 /* Sources */ = {
			isa = PBXSourcesBuildPhase;
			buildActionMask = 2147483647;
			files = (
				1FF2B56B2850AE48001A9542 /* SwiftUIChallengeUITestsLaunchTests.swift in Sources */,
				1FF2B5692850AE48001A9542 /* SwiftUIChallengeUITests.swift in Sources */,
			);
			runOnlyForDeploymentPostprocessing = 0;
		};
/* End PBXSourcesBuildPhase section */

/* Begin PBXTargetDependency section */
		1FF2B55C2850AE48001A9542 /* PBXTargetDependency */ = {
			isa = PBXTargetDependency;
			target = 1FF2B5492850AE45001A9542 /* SwiftUIChallenge */;
			targetProxy = 1FF2B55B2850AE48001A9542 /* PBXContainerItemProxy */;
		};
		1FF2B5662850AE48001A9542 /* PBXTargetDependency */ = {
			isa = PBXTargetDependency;
			target = 1FF2B5492850AE45001A9542 /* SwiftUIChallenge */;
			targetProxy = 1FF2B5652850AE48001A9542 /* PBXContainerItemProxy */;
		};
/* End PBXTargetDependency section */

/* Begin XCBuildConfiguration section */
		1FF2B56C2850AE48001A9542 /* Debug */ = {
			isa = XCBuildConfiguration;
			buildSettings = {
				ALWAYS_SEARCH_USER_PATHS = NO;
				CLANG_ANALYZER_NONNULL = YES;
				CLANG_ANALYZER_NUMBER_OBJECT_CONVERSION = YES_AGGRESSIVE;
				CLANG_CXX_LANGUAGE_STANDARD = "gnu++17";
				CLANG_CXX_LIBRARY = "libc++";
				CLANG_ENABLE_MODULES = YES;
				CLANG_ENABLE_OBJC_ARC = YES;
				CLANG_ENABLE_OBJC_WEAK = YES;
				CLANG_WARN_BLOCK_CAPTURE_AUTORELEASING = YES;
				CLANG_WARN_BOOL_CONVERSION = YES;
				CLANG_WARN_COMMA = YES;
				CLANG_WARN_CONSTANT_CONVERSION = YES;
				CLANG_WARN_DEPRECATED_OBJC_IMPLEMENTATIONS = YES;
				CLANG_WARN_DIRECT_OBJC_ISA_USAGE = YES_ERROR;
				CLANG_WARN_DOCUMENTATION_COMMENTS = YES;
				CLANG_WARN_EMPTY_BODY = YES;
				CLANG_WARN_ENUM_CONVERSION = YES;
				CLANG_WARN_INFINITE_RECURSION = YES;
				CLANG_WARN_INT_CONVERSION = YES;
				CLANG_WARN_NON_LITERAL_NULL_CONVERSION = YES;
				CLANG_WARN_OBJC_IMPLICIT_RETAIN_SELF = YES;
				CLANG_WARN_OBJC_LITERAL_CONVERSION = YES;
				CLANG_WARN_OBJC_ROOT_CLASS = YES_ERROR;
				CLANG_WARN_QUOTED_INCLUDE_IN_FRAMEWORK_HEADER = YES;
				CLANG_WARN_RANGE_LOOP_ANALYSIS = YES;
				CLANG_WARN_STRICT_PROTOTYPES = YES;
				CLANG_WARN_SUSPICIOUS_MOVE = YES;
				CLANG_WARN_UNGUARDED_AVAILABILITY = YES_AGGRESSIVE;
				CLANG_WARN_UNREACHABLE_CODE = YES;
				CLANG_WARN__DUPLICATE_METHOD_MATCH = YES;
				COPY_PHASE_STRIP = NO;
				DEBUG_INFORMATION_FORMAT = dwarf;
				ENABLE_STRICT_OBJC_MSGSEND = YES;
				ENABLE_TESTABILITY = YES;
				GCC_C_LANGUAGE_STANDARD = gnu11;
				GCC_DYNAMIC_NO_PIC = NO;
				GCC_NO_COMMON_BLOCKS = YES;
				GCC_OPTIMIZATION_LEVEL = 0;
				GCC_PREPROCESSOR_DEFINITIONS = (
					"DEBUG=1",
					"$(inherited)",
				);
				GCC_WARN_64_TO_32_BIT_CONVERSION = YES;
				GCC_WARN_ABOUT_RETURN_TYPE = YES_ERROR;
				GCC_WARN_UNDECLARED_SELECTOR = YES;
				GCC_WARN_UNINITIALIZED_AUTOS = YES_AGGRESSIVE;
				GCC_WARN_UNUSED_FUNCTION = YES;
				GCC_WARN_UNUSED_VARIABLE = YES;
				IPHONEOS_DEPLOYMENT_TARGET = 15.2;
				MTL_ENABLE_DEBUG_INFO = INCLUDE_SOURCE;
				MTL_FAST_MATH = YES;
				ONLY_ACTIVE_ARCH = YES;
				SDKROOT = iphoneos;
				SWIFT_ACTIVE_COMPILATION_CONDITIONS = DEBUG;
				SWIFT_OPTIMIZATION_LEVEL = "-Onone";
			};
			name = Debug;
		};
		1FF2B56D2850AE48001A9542 /* Release */ = {
			isa = XCBuildConfiguration;
			buildSettings = {
				ALWAYS_SEARCH_USER_PATHS = NO;
				CLANG_ANALYZER_NONNULL = YES;
				CLANG_ANALYZER_NUMBER_OBJECT_CONVERSION = YES_AGGRESSIVE;
				CLANG_CXX_LANGUAGE_STANDARD = "gnu++17";
				CLANG_CXX_LIBRARY = "libc++";
				CLANG_ENABLE_MODULES = YES;
				CLANG_ENABLE_OBJC_ARC = YES;
				CLANG_ENABLE_OBJC_WEAK = YES;
				CLANG_WARN_BLOCK_CAPTURE_AUTORELEASING = YES;
				CLANG_WARN_BOOL_CONVERSION = YES;
				CLANG_WARN_COMMA = YES;
				CLANG_WARN_CONSTANT_CONVERSION = YES;
				CLANG_WARN_DEPRECATED_OBJC_IMPLEMENTATIONS = YES;
				CLANG_WARN_DIRECT_OBJC_ISA_USAGE = YES_ERROR;
				CLANG_WARN_DOCUMENTATION_COMMENTS = YES;
				CLANG_WARN_EMPTY_BODY = YES;
				CLANG_WARN_ENUM_CONVERSION = YES;
				CLANG_WARN_INFINITE_RECURSION = YES;
				CLANG_WARN_INT_CONVERSION = YES;
				CLANG_WARN_NON_LITERAL_NULL_CONVERSION = YES;
				CLANG_WARN_OBJC_IMPLICIT_RETAIN_SELF = YES;
				CLANG_WARN_OBJC_LITERAL_CONVERSION = YES;
				CLANG_WARN_OBJC_ROOT_CLASS = YES_ERROR;
				CLANG_WARN_QUOTED_INCLUDE_IN_FRAMEWORK_HEADER = YES;
				CLANG_WARN_RANGE_LOOP_ANALYSIS = YES;
				CLANG_WARN_STRICT_PROTOTYPES = YES;
				CLANG_WARN_SUSPICIOUS_MOVE = YES;
				CLANG_WARN_UNGUARDED_AVAILABILITY = YES_AGGRESSIVE;
				CLANG_WARN_UNREACHABLE_CODE = YES;
				CLANG_WARN__DUPLICATE_METHOD_MATCH = YES;
				COPY_PHASE_STRIP = NO;
				DEBUG_INFORMATION_FORMAT = "dwarf-with-dsym";
				ENABLE_NS_ASSERTIONS = NO;
				ENABLE_STRICT_OBJC_MSGSEND = YES;
				GCC_C_LANGUAGE_STANDARD = gnu11;
				GCC_NO_COMMON_BLOCKS = YES;
				GCC_WARN_64_TO_32_BIT_CONVERSION = YES;
				GCC_WARN_ABOUT_RETURN_TYPE = YES_ERROR;
				GCC_WARN_UNDECLARED_SELECTOR = YES;
				GCC_WARN_UNINITIALIZED_AUTOS = YES_AGGRESSIVE;
				GCC_WARN_UNUSED_FUNCTION = YES;
				GCC_WARN_UNUSED_VARIABLE = YES;
				IPHONEOS_DEPLOYMENT_TARGET = 15.2;
				MTL_ENABLE_DEBUG_INFO = NO;
				MTL_FAST_MATH = YES;
				SDKROOT = iphoneos;
				SWIFT_COMPILATION_MODE = wholemodule;
				SWIFT_OPTIMIZATION_LEVEL = "-O";
				VALIDATE_PRODUCT = YES;
			};
			name = Release;
		};
		1FF2B56F2850AE48001A9542 /* Debug */ = {
			isa = XCBuildConfiguration;
			buildSettings = {
				ASSETCATALOG_COMPILER_APPICON_NAME = AppIcon;
				ASSETCATALOG_COMPILER_GLOBAL_ACCENT_COLOR_NAME = AccentColor;
				CODE_SIGN_STYLE = Manual;
				CURRENT_PROJECT_VERSION = 1;
				DEVELOPMENT_ASSET_PATHS = "\"SwiftUIChallenge/Preview Content\"";
				DEVELOPMENT_TEAM = "";
				ENABLE_PREVIEWS = YES;
				GENERATE_INFOPLIST_FILE = YES;
				INFOPLIST_KEY_UIApplicationSceneManifest_Generation = YES;
				INFOPLIST_KEY_UIApplicationSupportsIndirectInputEvents = YES;
				INFOPLIST_KEY_UILaunchScreen_Generation = YES;
				INFOPLIST_KEY_UISupportedInterfaceOrientations_iPad = "UIInterfaceOrientationPortrait UIInterfaceOrientationPortraitUpsideDown UIInterfaceOrientationLandscapeLeft UIInterfaceOrientationLandscapeRight";
				INFOPLIST_KEY_UISupportedInterfaceOrientations_iPhone = "UIInterfaceOrientationPortrait UIInterfaceOrientationLandscapeLeft UIInterfaceOrientationLandscapeRight";
				LD_RUNPATH_SEARCH_PATHS = (
					"$(inherited)",
					"@executable_path/Frameworks",
				);
				MARKETING_VERSION = 1.0;
				PRODUCT_BUNDLE_IDENTIFIER = com.coolblue.SwiftUIChallenge;
				PRODUCT_NAME = "$(TARGET_NAME)";
				PROVISIONING_PROFILE_SPECIFIER = "";
				SWIFT_EMIT_LOC_STRINGS = YES;
				SWIFT_VERSION = 5.0;
				TARGETED_DEVICE_FAMILY = "1,2";
			};
			name = Debug;
		};
		1FF2B5702850AE48001A9542 /* Release */ = {
			isa = XCBuildConfiguration;
			buildSettings = {
				ASSETCATALOG_COMPILER_APPICON_NAME = AppIcon;
				ASSETCATALOG_COMPILER_GLOBAL_ACCENT_COLOR_NAME = AccentColor;
				CODE_SIGN_STYLE = Manual;
				CURRENT_PROJECT_VERSION = 1;
				DEVELOPMENT_ASSET_PATHS = "\"SwiftUIChallenge/Preview Content\"";
				DEVELOPMENT_TEAM = "";
				ENABLE_PREVIEWS = YES;
				GENERATE_INFOPLIST_FILE = YES;
				INFOPLIST_KEY_UIApplicationSceneManifest_Generation = YES;
				INFOPLIST_KEY_UIApplicationSupportsIndirectInputEvents = YES;
				INFOPLIST_KEY_UILaunchScreen_Generation = YES;
				INFOPLIST_KEY_UISupportedInterfaceOrientations_iPad = "UIInterfaceOrientationPortrait UIInterfaceOrientationPortraitUpsideDown UIInterfaceOrientationLandscapeLeft UIInterfaceOrientationLandscapeRight";
				INFOPLIST_KEY_UISupportedInterfaceOrientations_iPhone = "UIInterfaceOrientationPortrait UIInterfaceOrientationLandscapeLeft UIInterfaceOrientationLandscapeRight";
				LD_RUNPATH_SEARCH_PATHS = (
					"$(inherited)",
					"@executable_path/Frameworks",
				);
				MARKETING_VERSION = 1.0;
				PRODUCT_BUNDLE_IDENTIFIER = com.coolblue.SwiftUIChallenge;
				PRODUCT_NAME = "$(TARGET_NAME)";
				PROVISIONING_PROFILE_SPECIFIER = "";
				SWIFT_EMIT_LOC_STRINGS = YES;
				SWIFT_VERSION = 5.0;
				TARGETED_DEVICE_FAMILY = "1,2";
			};
			name = Release;
		};
		1FF2B5722850AE48001A9542 /* Debug */ = {
			isa = XCBuildConfiguration;
			buildSettings = {
				ALWAYS_EMBED_SWIFT_STANDARD_LIBRARIES = YES;
				BUNDLE_LOADER = "$(TEST_HOST)";
				CODE_SIGN_STYLE = Automatic;
				CURRENT_PROJECT_VERSION = 1;
				GENERATE_INFOPLIST_FILE = YES;
				IPHONEOS_DEPLOYMENT_TARGET = 15.2;
				MARKETING_VERSION = 1.0;
				PRODUCT_BUNDLE_IDENTIFIER = com.coolblue.SwiftUIChallengeTests;
				PRODUCT_NAME = "$(TARGET_NAME)";
				SWIFT_EMIT_LOC_STRINGS = NO;
				SWIFT_VERSION = 5.0;
				TARGETED_DEVICE_FAMILY = "1,2";
				TEST_HOST = "$(BUILT_PRODUCTS_DIR)/SwiftUIChallenge.app/SwiftUIChallenge";
			};
			name = Debug;
		};
		1FF2B5732850AE48001A9542 /* Release */ = {
			isa = XCBuildConfiguration;
			buildSettings = {
				ALWAYS_EMBED_SWIFT_STANDARD_LIBRARIES = YES;
				BUNDLE_LOADER = "$(TEST_HOST)";
				CODE_SIGN_STYLE = Automatic;
				CURRENT_PROJECT_VERSION = 1;
				GENERATE_INFOPLIST_FILE = YES;
				IPHONEOS_DEPLOYMENT_TARGET = 15.2;
				MARKETING_VERSION = 1.0;
				PRODUCT_BUNDLE_IDENTIFIER = com.coolblue.SwiftUIChallengeTests;
				PRODUCT_NAME = "$(TARGET_NAME)";
				SWIFT_EMIT_LOC_STRINGS = NO;
				SWIFT_VERSION = 5.0;
				TARGETED_DEVICE_FAMILY = "1,2";
				TEST_HOST = "$(BUILT_PRODUCTS_DIR)/SwiftUIChallenge.app/SwiftUIChallenge";
			};
			name = Release;
		};
		1FF2B5752850AE48001A9542 /* Debug */ = {
			isa = XCBuildConfiguration;
			buildSettings = {
				ALWAYS_EMBED_SWIFT_STANDARD_LIBRARIES = YES;
				CODE_SIGN_STYLE = Automatic;
				CURRENT_PROJECT_VERSION = 1;
				GENERATE_INFOPLIST_FILE = YES;
				MARKETING_VERSION = 1.0;
				PRODUCT_BUNDLE_IDENTIFIER = com.coolblue.SwiftUIChallengeUITests;
				PRODUCT_NAME = "$(TARGET_NAME)";
				SWIFT_EMIT_LOC_STRINGS = NO;
				SWIFT_VERSION = 5.0;
				TARGETED_DEVICE_FAMILY = "1,2";
				TEST_TARGET_NAME = SwiftUIChallenge;
			};
			name = Debug;
		};
		1FF2B5762850AE48001A9542 /* Release */ = {
			isa = XCBuildConfiguration;
			buildSettings = {
				ALWAYS_EMBED_SWIFT_STANDARD_LIBRARIES = YES;
				CODE_SIGN_STYLE = Automatic;
				CURRENT_PROJECT_VERSION = 1;
				GENERATE_INFOPLIST_FILE = YES;
				MARKETING_VERSION = 1.0;
				PRODUCT_BUNDLE_IDENTIFIER = com.coolblue.SwiftUIChallengeUITests;
				PRODUCT_NAME = "$(TARGET_NAME)";
				SWIFT_EMIT_LOC_STRINGS = NO;
				SWIFT_VERSION = 5.0;
				TARGETED_DEVICE_FAMILY = "1,2";
				TEST_TARGET_NAME = SwiftUIChallenge;
			};
			name = Release;
		};
/* End XCBuildConfiguration section */

/* Begin XCConfigurationList section */
		1FF2B5452850AE45001A9542 /* Build configuration list for PBXProject "SwiftUIChallenge" */ = {
			isa = XCConfigurationList;
			buildConfigurations = (
				1FF2B56C2850AE48001A9542 /* Debug */,
				1FF2B56D2850AE48001A9542 /* Release */,
			);
			defaultConfigurationIsVisible = 0;
			defaultConfigurationName = Release;
		};
		1FF2B56E2850AE48001A9542 /* Build configuration list for PBXNativeTarget "SwiftUIChallenge" */ = {
			isa = XCConfigurationList;
			buildConfigurations = (
				1FF2B56F2850AE48001A9542 /* Debug */,
				1FF2B5702850AE48001A9542 /* Release */,
			);
			defaultConfigurationIsVisible = 0;
			defaultConfigurationName = Release;
		};
		1FF2B5712850AE48001A9542 /* Build configuration list for PBXNativeTarget "SwiftUIChallengeTests" */ = {
			isa = XCConfigurationList;
			buildConfigurations = (
				1FF2B5722850AE48001A9542 /* Debug */,
				1FF2B5732850AE48001A9542 /* Release */,
			);
			defaultConfigurationIsVisible = 0;
			defaultConfigurationName = Release;
		};
		1FF2B5742850AE48001A9542 /* Build configuration list for PBXNativeTarget "SwiftUIChallengeUITests" */ = {
			isa = XCConfigurationList;
			buildConfigurations = (
				1FF2B5752850AE48001A9542 /* Debug */,
				1FF2B5762850AE48001A9542 /* Release */,
			);
			defaultConfigurationIsVisible = 0;
			defaultConfigurationName = Release;
		};
/* End XCConfigurationList section */
	};
	rootObject = 1FF2B5422850AE45001A9542 /* Project object */;
}
